
Microsoft Visual Studio Solution File, Format Version 12.00
# Visual Studio Version 17
VisualStudioVersion = 17.14.37111.16 d17.14
MinimumVisualStudioVersion = 10.0.40219.1
Project("{FAE04EC0-301F-11D3-BF4B-00C04F79EFBC}") = "EjerciciosProgramacionWeb3", "EjerciciosProgramacionWeb3\EjerciciosProgramacionWeb3.csproj", "{55581416-4B95-4BD1-9C0D-869D1B9FDE5A}"
EndProject
Global
	GlobalSection(SolutionConfigurationPlatforms) = preSolution
		Debug|Any CPU = Debug|Any CPU
		Release|Any CPU = Release|Any CPU
	EndGlobalSection
	GlobalSection(ProjectConfigurationPlatforms) = postSolution
		{55581416-4B95-4BD1-9C0D-869D1B9FDE5A}.Debug|Any CPU.ActiveCfg = Debug|Any CPU
		{55581416-4B95-4BD1-9C0D-869D1B9FDE5A}.Debug|Any CPU.Build.0 = Debug|Any CPU
		{55581416-4B95-4BD1-9C0D-869D1B9FDE5A}.Release|Any CPU.ActiveCfg = Release|Any CPU
		{55581416-4B95-4BD1-9C0D-869D1B9FDE5A}.Release|Any CPU.Build.0 = Release|Any CPU
	EndGlobalSection
	GlobalSection(SolutionProperties) = preSolution
		HideSolutionNode = FALSE
	EndGlobalSection
	GlobalSection(ExtensibilityGlobals) = postSolution
		SolutionGuid = {F5FAE28A-5EC8-4CA7-9FF1-8D61887E202A}
	EndGlobalSection
EndGlobal
