
Microsoft Visual Studio Solution File, Format Version 12.00
# Visual Studio Version 17
VisualStudioVersion = 17.14.37111.16 d17.14
MinimumVisualStudioVersion = 10.0.40219.1
Project("{FAE04EC0-301F-11D3-BF4B-00C04F79EFBC}") = "practicas-net-core", "practicas-net-core\practicas-net-core.csproj", "{79216298-9987-491E-BC59-D95CDE9C6299}"
EndProject
Global
	GlobalSection(SolutionConfigurationPlatforms) = preSolution
		Debug|Any CPU = Debug|Any CPU
		Release|Any CPU = Release|Any CPU
	EndGlobalSection
	GlobalSection(ProjectConfigurationPlatforms) = postSolution
		{79216298-9987-491E-BC59-D95CDE9C6299}.Debug|Any CPU.ActiveCfg = Debug|Any CPU
		{79216298-9987-491E-BC59-D95CDE9C6299}.Debug|Any CPU.Build.0 = Debug|Any CPU
		{79216298-9987-491E-BC59-D95CDE9C6299}.Release|Any CPU.ActiveCfg = Release|Any CPU
		{79216298-9987-491E-BC59-D95CDE9C6299}.Release|Any CPU.Build.0 = Release|Any CPU
	EndGlobalSection
	GlobalSection(SolutionProperties) = preSolution
		HideSolutionNode = FALSE
	EndGlobalSection
	GlobalSection(ExtensibilityGlobals) = postSolution
		SolutionGuid = {ECD77B92-BD7B-4A9C-B00E-4B7BED0F4053}
	EndGlobalSection
EndGlobal
